// !$*UTF8*$!
{
	archiveVersion = 1;
	classes = {
	};
	objectVersion = 56;
	objects = {

/* Begin PBXBuildFile section */
		8983E6DD2A4A0689002EB335 /* ASL_translatorApp.swift in Sources */ = {isa = PBXBuildFile; fileRef = 8983E6DC2A4A0689002EB335 /* ASL_translatorApp.swift */; };
		8983E6DF2A4A0689002EB335 /* ContentView.swift in Sources */ = {isa = PBXBuildFile; fileRef = 8983E6DE2A4A0689002EB335 /* ContentView.swift */; };
		8983E6E12A4A068A002EB335 /* Assets.xcassets in Resources */ = {isa = PBXBuildFile; fileRef = 8983E6E02A4A068A002EB335 /* Assets.xcassets */; };
		8983E6E42A4A068A002EB335 /* Preview Assets.xcassets in Resources */ = {isa = PBXBuildFile; fileRef = 8983E6E32A4A068A002EB335 /* Preview Assets.xcassets */; };
		89AD18712A4B8AF400A782DB /* WordOfTheDay.swift in Sources */ = {isa = PBXBuildFile; fileRef = 89AD18702A4B8AF400A782DB /* WordOfTheDay.swift */; };
		89AD18752A4B8D0700A782DB /* HistoryOfASL.swift in Sources */ = {isa = PBXBuildFile; fileRef = 89AD18742A4B8D0700A782DB /* HistoryOfASL.swift */; };
		89AD18772A4B8D8100A782DB /* Famous DHOH People.swift in Sources */ = {isa = PBXBuildFile; fileRef = 89AD18762A4B8D8100A782DB /* Famous DHOH People.swift */; };
		89AD18792A4B8F7A00A782DB /* Alphabet.swift in Sources */ = {isa = PBXBuildFile; fileRef = 89AD18782A4B8F7A00A782DB /* Alphabet.swift */; };
/* End PBXBuildFile section */

/* Begin PBXFileReference section */
		8983E6D92A4A0689002EB335 /* ASL_translator.app */ = {isa = PBXFileReference; explicitFileType = wrapper.application; includeInIndex = 0; path = ASL_translator.app; sourceTree = BUILT_PRODUCTS_DIR; };
		8983E6DC2A4A0689002EB335 /* ASL_translatorApp.swift */ = {isa = PBXFileReference; lastKnownFileType = sourcecode.swift; path = ASL_translatorApp.swift; sourceTree = "<group>"; };
		8983E6DE2A4A0689002EB335 /* ContentView.swift */ = {isa = PBXFileReference; lastKnownFileType = sourcecode.swift; path = ContentView.swift; sourceTree = "<group>"; };
		8983E6E02A4A068A002EB335 /* Assets.xcassets */ = {isa = PBXFileReference; lastKnownFileType = folder.assetcatalog; path = Assets.xcassets; sourceTree = "<group>"; };
		8983E6E32A4A068A002EB335 /* Preview Assets.xcassets */ = {isa = PBXFileReference; lastKnownFileType = folder.assetcatalog; path = "Preview Assets.xcassets"; sourceTree = "<group>"; };
		89AD18702A4B8AF400A782DB /* WordOfTheDay.swift */ = {isa = PBXFileReference; lastKnownFileType = sourcecode.swift; path = WordOfTheDay.swift; sourceTree = "<group>"; };
		89AD18742A4B8D0700A782DB /* HistoryOfASL.swift */ = {isa = PBXFileReference; lastKnownFileType = sourcecode.swift; path = HistoryOfASL.swift; sourceTree = "<group>"; };
		89AD18762A4B8D8100A782DB /* Famous DHOH People.swift */ = {isa = PBXFileReference; lastKnownFileType = sourcecode.swift; path = "Famous DHOH People.swift"; sourceTree = "<group>"; };
		89AD18782A4B8F7A00A782DB /* Alphabet.swift */ = {isa = PBXFileReference; lastKnownFileType = sourcecode.swift; path = Alphabet.swift; sourceTree = "<group>"; };
/* End PBXFileReference section */

/* Begin PBXFrameworksBuildPhase section */
		8983E6D62A4A0689002EB335 /* Frameworks */ = {
			isa = PBXFrameworksBuildPhase;
			buildActionMask = 2147483647;
			files = (
			);
			runOnlyForDeploymentPostprocessing = 0;
		};
/* End PBXFrameworksBuildPhase section */

/* Begin PBXGroup section */
		8983E6D02A4A0689002EB335 = {
			isa = PBXGroup;
			children = (
				8983E6DB2A4A0689002EB335 /* ASL_translator */,
				8983E6DA2A4A0689002EB335 /* Products */,
			);
			sourceTree = "<group>";
		};
		8983E6DA2A4A0689002EB335 /* Products */ = {
			isa = PBXGroup;
			children = (
				8983E6D92A4A0689002EB335 /* ASL_translator.app */,
			);
			name = Products;
			sourceTree = "<group>";
		};
		8983E6DB2A4A0689002EB335 /* ASL_translator */ = {
			isa = PBXGroup;
			children = (
				8983E6DC2A4A0689002EB335 /* ASL_translatorApp.swift */,
				8983E6DE2A4A0689002EB335 /* ContentView.swift */,
				89AD18782A4B8F7A00A782DB /* Alphabet.swift */,
				89AD18762A4B8D8100A782DB /* Famous DHOH People.swift */,
				89AD18742A4B8D0700A782DB /* HistoryOfASL.swift */,
				89AD18702A4B8AF400A782DB /* WordOfTheDay.swift */,
				8983E6E02A4A068A002EB335 /* Assets.xcassets */,
				8983E6E22A4A068A002EB335 /* Preview Content */,
			);
			path = ASL_translator;
			sourceTree = "<group>";
		};
		8983E6E22A4A068A002EB335 /* Preview Content */ = {
			isa = PBXGroup;
			children = (
				8983E6E32A4A068A002EB335 /* Preview Assets.xcassets */,
			);
			path = "Preview Content";
			sourceTree = "<group>";
		};
/* End PBXGroup section */

/* Begin PBXNativeTarget section */
		8983E6D82A4A0689002EB335 /* ASL_translator */ = {
			isa = PBXNativeTarget;
			buildConfigurationList = 8983E6E72A4A068A002EB335 /* Build configuration list for PBXNativeTarget "ASL_translator" */;
			buildPhases = (
				8983E6D52A4A0689002EB335 /* Sources */,
				8983E6D62A4A0689002EB335 /* Frameworks */,
				8983E6D72A4A0689002EB335 /* Resources */,
			);
			buildRules = (
			);
			dependencies = (
			);
			name = ASL_translator;
			productName = ASL_translator;
			productReference = 8983E6D92A4A0689002EB335 /* ASL_translator.app */;
			productType = "com.apple.product-type.application";
		};
/* End PBXNativeTarget section */

/* Begin PBXProject section */
		8983E6D12A4A0689002EB335 /* Project object */ = {
			isa = PBXProject;
			attributes = {
				BuildIndependentTargetsInParallel = 1;
				LastSwiftUpdateCheck = 1420;
				LastUpgradeCheck = 1420;
				TargetAttributes = {
					8983E6D82A4A0689002EB335 = {
						CreatedOnToolsVersion = 14.2;
					};
				};
			};
			buildConfigurationList = 8983E6D42A4A0689002EB335 /* Build configuration list for PBXProject "ASL_translator" */;
			compatibilityVersion = "Xcode 14.0";
			developmentRegion = en;
			hasScannedForEncodings = 0;
			knownRegions = (
				en,
				Base,
			);
			mainGroup = 8983E6D02A4A0689002EB335;
			productRefGroup = 8983E6DA2A4A0689002EB335 /* Products */;
			projectDirPath = "";
			projectRoot = "";
			targets = (
				8983E6D82A4A0689002EB335 /* ASL_translator */,
			);
		};
/* End PBXProject section */

/* Begin PBXResourcesBuildPhase section */
		8983E6D72A4A0689002EB335 /* Resources */ = {
			isa = PBXResourcesBuildPhase;
			buildActionMask = 2147483647;
			files = (
				8983E6E42A4A068A002EB335 /* Preview Assets.xcassets in Resources */,
				8983E6E12A4A068A002EB335 /* Assets.xcassets in Resources */,
			);
			runOnlyForDeploymentPostprocessing = 0;
		};
/* End PBXResourcesBuildPhase section */

/* Begin PBXSourcesBuildPhase section */
		8983E6D52A4A0689002EB335 /* Sources */ = {
			isa = PBXSourcesBuildPhase;
			buildActionMask = 2147483647;
			files = (
				89AD18792A4B8F7A00A782DB /* Alphabet.swift in Sources */,
				89AD18772A4B8D8100A782DB /* Famous DHOH People.swift in Sources */,
				89AD18752A4B8D0700A782DB /* HistoryOfASL.swift in Sources */,
				8983E6DF2A4A0689002EB335 /* ContentView.swift in Sources */,
				89AD18712A4B8AF400A782DB /* WordOfTheDay.swift in Sources */,
				8983E6DD2A4A0689002EB335 /* ASL_translatorApp.swift in Sources */,
			);
			runOnlyForDeploymentPostprocessing = 0;
		};
/* End PBXSourcesBuildPhase section */

/* Begin XCBuildConfiguration section */
		8983E6E52A4A068A002EB335 /* Debug */ = {
			isa = XCBuildConfiguration;
			buildSettings = {
				ALWAYS_SEARCH_USER_PATHS = NO;
				CLANG_ANALYZER_NONNULL = YES;
				CLANG_ANALYZER_NUMBER_OBJECT_CONVERSION = YES_AGGRESSIVE;
				CLANG_CXX_LANGUAGE_STANDARD = "gnu++20";
				CLANG_ENABLE_MODULES = YES;
				CLANG_ENABLE_OBJC_ARC = YES;
				CLANG_ENABLE_OBJC_WEAK = YES;
				CLANG_WARN_BLOCK_CAPTURE_AUTORELEASING = YES;
				CLANG_WARN_BOOL_CONVERSION = YES;
				CLANG_WARN_COMMA = YES;
				CLANG_WARN_CONSTANT_CONVERSION = YES;
				CLANG_WARN_DEPRECATED_OBJC_IMPLEMENTATIONS = YES;
				CLANG_WARN_DIRECT_OBJC_ISA_USAGE = YES_ERROR;
				CLANG_WARN_DOCUMENTATION_COMMENTS = YES;
				CLANG_WARN_EMPTY_BODY = YES;
				CLANG_WARN_ENUM_CONVERSION = YES;
				CLANG_WARN_INFINITE_RECURSION = YES;
				CLANG_WARN_INT_CONVERSION = YES;
				CLANG_WARN_NON_LITERAL_NULL_CONVERSION = YES;
				CLANG_WARN_OBJC_IMPLICIT_RETAIN_SELF = YES;
				CLANG_WARN_OBJC_LITERAL_CONVERSION = YES;
				CLANG_WARN_OBJC_ROOT_CLASS = YES_ERROR;
				CLANG_WARN_QUOTED_INCLUDE_IN_FRAMEWORK_HEADER = YES;
				CLANG_WARN_RANGE_LOOP_ANALYSIS = YES;
				CLANG_WARN_STRICT_PROTOTYPES = YES;
				CLANG_WARN_SUSPICIOUS_MOVE = YES;
				CLANG_WARN_UNGUARDED_AVAILABILITY = YES_AGGRESSIVE;
				CLANG_WARN_UNREACHABLE_CODE = YES;
				CLANG_WARN__DUPLICATE_METHOD_MATCH = YES;
				COPY_PHASE_STRIP = NO;
				DEBUG_INFORMATION_FORMAT = dwarf;
				ENABLE_STRICT_OBJC_MSGSEND = YES;
				ENABLE_TESTABILITY = YES;
				GCC_C_LANGUAGE_STANDARD = gnu11;
				GCC_DYNAMIC_NO_PIC = NO;
				GCC_NO_COMMON_BLOCKS = YES;
				GCC_OPTIMIZATION_LEVEL = 0;
				GCC_PREPROCESSOR_DEFINITIONS = (
					"DEBUG=1",
					"$(inherited)",
				);
				GCC_WARN_64_TO_32_BIT_CONVERSION = YES;
				GCC_WARN_ABOUT_RETURN_TYPE = YES_ERROR;
				GCC_WARN_UNDECLARED_SELECTOR = YES;
				GCC_WARN_UNINITIALIZED_AUTOS = YES_AGGRESSIVE;
				GCC_WARN_UNUSED_FUNCTION = YES;
				GCC_WARN_UNUSED_VARIABLE = YES;
				IPHONEOS_DEPLOYMENT_TARGET = 16.2;
				MTL_ENABLE_DEBUG_INFO = INCLUDE_SOURCE;
				MTL_FAST_MATH = YES;
				ONLY_ACTIVE_ARCH = YES;
				SDKROOT = iphoneos;
				SWIFT_ACTIVE_COMPILATION_CONDITIONS = DEBUG;
				SWIFT_OPTIMIZATION_LEVEL = "-Onone";
			};
			name = Debug;
		};
		8983E6E62A4A068A002EB335 /* Release */ = {
			isa = XCBuildConfiguration;
			buildSettings = {
				ALWAYS_SEARCH_USER_PATHS = NO;
				CLANG_ANALYZER_NONNULL = YES;
				CLANG_ANALYZER_NUMBER_OBJECT_CONVERSION = YES_AGGRESSIVE;
				CLANG_CXX_LANGUAGE_STANDARD = "gnu++20";
				CLANG_ENABLE_MODULES = YES;
				CLANG_ENABLE_OBJC_ARC = YES;
				CLANG_ENABLE_OBJC_WEAK = YES;
				CLANG_WARN_BLOCK_CAPTURE_AUTORELEASING = YES;
				CLANG_WARN_BOOL_CONVERSION = YES;
				CLANG_WARN_COMMA = YES;
				CLANG_WARN_CONSTANT_CONVERSION = YES;
				CLANG_WARN_DEPRECATED_OBJC_IMPLEMENTATIONS = YES;
				CLANG_WARN_DIRECT_OBJC_ISA_USAGE = YES_ERROR;
				CLANG_WARN_DOCUMENTATION_COMMENTS = YES;
				CLANG_WARN_EMPTY_BODY = YES;
				CLANG_WARN_ENUM_CONVERSION = YES;
				CLANG_WARN_INFINITE_RECURSION = YES;
				CLANG_WARN_INT_CONVERSION = YES;
				CLANG_WARN_NON_LITERAL_NULL_CONVERSION = YES;
				CLANG_WARN_OBJC_IMPLICIT_RETAIN_SELF = YES;
				CLANG_WARN_OBJC_LITERAL_CONVERSION = YES;
				CLANG_WARN_OBJC_ROOT_CLASS = YES_ERROR;
				CLANG_WARN_QUOTED_INCLUDE_IN_FRAMEWORK_HEADER = YES;
				CLANG_WARN_RANGE_LOOP_ANALYSIS = YES;
				CLANG_WARN_STRICT_PROTOTYPES = YES;
				CLANG_WARN_SUSPICIOUS_MOVE = YES;
				CLANG_WARN_UNGUARDED_AVAILABILITY = YES_AGGRESSIVE;
				CLANG_WARN_UNREACHABLE_CODE = YES;
				CLANG_WARN__DUPLICATE_METHOD_MATCH = YES;
				COPY_PHASE_STRIP = NO;
				DEBUG_INFORMATION_FORMAT = "dwarf-with-dsym";
				ENABLE_NS_ASSERTIONS = NO;
				ENABLE_STRICT_OBJC_MSGSEND = YES;
				GCC_C_LANGUAGE_STANDARD = gnu11;
				GCC_NO_COMMON_BLOCKS = YES;
				GCC_WARN_64_TO_32_BIT_CONVERSION = YES;
				GCC_WARN_ABOUT_RETURN_TYPE = YES_ERROR;
				GCC_WARN_UNDECLARED_SELECTOR = YES;
				GCC_WARN_UNINITIALIZED_AUTOS = YES_AGGRESSIVE;
				GCC_WARN_UNUSED_FUNCTION = YES;
				GCC_WARN_UNUSED_VARIABLE = YES;
				IPHONEOS_DEPLOYMENT_TARGET = 16.2;
				MTL_ENABLE_DEBUG_INFO = NO;
				MTL_FAST_MATH = YES;
				SDKROOT = iphoneos;
				SWIFT_COMPILATION_MODE = wholemodule;
				SWIFT_OPTIMIZATION_LEVEL = "-O";
				VALIDATE_PRODUCT = YES;
			};
			name = Release;
		};
		8983E6E82A4A068A002EB335 /* Debug */ = {
			isa = XCBuildConfiguration;
			buildSettings = {
				ASSETCATALOG_COMPILER_APPICON_NAME = AppIcon;
				ASSETCATALOG_COMPILER_GLOBAL_ACCENT_COLOR_NAME = AccentColor;
				CODE_SIGN_STYLE = Automatic;
				CURRENT_PROJECT_VERSION = 1;
				DEVELOPMENT_ASSET_PATHS = "\"ASL_translator/Preview Content\"";
				DEVELOPMENT_TEAM = JGF3G6G6B3;
				ENABLE_PREVIEWS = YES;
				GENERATE_INFOPLIST_FILE = YES;
				INFOPLIST_KEY_UIApplicationSceneManifest_Generation = YES;
				INFOPLIST_KEY_UIApplicationSupportsIndirectInputEvents = YES;
				INFOPLIST_KEY_UILaunchScreen_Generation = YES;
				INFOPLIST_KEY_UISupportedInterfaceOrientations_iPad = "UIInterfaceOrientationPortrait UIInterfaceOrientationPortraitUpsideDown UIInterfaceOrientationLandscapeLeft UIInterfaceOrientationLandscapeRight";
				INFOPLIST_KEY_UISupportedInterfaceOrientations_iPhone = "UIInterfaceOrientationPortrait UIInterfaceOrientationLandscapeLeft UIInterfaceOrientationLandscapeRight";
				LD_RUNPATH_SEARCH_PATHS = (
					"$(inherited)",
					"@executable_path/Frameworks",
				);
				MARKETING_VERSION = 1.0;
				PRODUCT_BUNDLE_IDENTIFIER = "KWK.ASL-translator";
				PRODUCT_NAME = "$(TARGET_NAME)";
				SWIFT_EMIT_LOC_STRINGS = YES;
				SWIFT_VERSION = 5.0;
				TARGETED_DEVICE_FAMILY = "1,2";
			};
			name = Debug;
		};
		8983E6E92A4A068A002EB335 /* Release */ = {
			isa = XCBuildConfiguration;
			buildSettings = {
				ASSETCATALOG_COMPILER_APPICON_NAME = AppIcon;
				ASSETCATALOG_COMPILER_GLOBAL_ACCENT_COLOR_NAME = AccentColor;
				CODE_SIGN_STYLE = Automatic;
				CURRENT_PROJECT_VERSION = 1;
				DEVELOPMENT_ASSET_PATHS = "\"ASL_translator/Preview Content\"";
				DEVELOPMENT_TEAM = JGF3G6G6B3;
				ENABLE_PREVIEWS = YES;
				GENERATE_INFOPLIST_FILE = YES;
				INFOPLIST_KEY_UIApplicationSceneManifest_Generation = YES;
				INFOPLIST_KEY_UIApplicationSupportsIndirectInputEvents = YES;
				INFOPLIST_KEY_UILaunchScreen_Generation = YES;
				INFOPLIST_KEY_UISupportedInterfaceOrientations_iPad = "UIInterfaceOrientationPortrait UIInterfaceOrientationPortraitUpsideDown UIInterfaceOrientationLandscapeLeft UIInterfaceOrientationLandscapeRight";
				INFOPLIST_KEY_UISupportedInterfaceOrientations_iPhone = "UIInterfaceOrientationPortrait UIInterfaceOrientationLandscapeLeft UIInterfaceOrientationLandscapeRight";
				LD_RUNPATH_SEARCH_PATHS = (
					"$(inherited)",
					"@executable_path/Frameworks",
				);
				MARKETING_VERSION = 1.0;
				PRODUCT_BUNDLE_IDENTIFIER = "KWK.ASL-translator";
				PRODUCT_NAME = "$(TARGET_NAME)";
				SWIFT_EMIT_LOC_STRINGS = YES;
				SWIFT_VERSION = 5.0;
				TARGETED_DEVICE_FAMILY = "1,2";
			};
			name = Release;
		};
/* End XCBuildConfiguration section */

/* Begin XCConfigurationList section */
		8983E6D42A4A0689002EB335 /* Build configuration list for PBXProject "ASL_translator" */ = {
			isa = XCConfigurationList;
			buildConfigurations = (
				8983E6E52A4A068A002EB335 /* Debug */,
				8983E6E62A4A068A002EB335 /* Release */,
			);
			defaultConfigurationIsVisible = 0;
			defaultConfigurationName = Release;
		};
		8983E6E72A4A068A002EB335 /* Build configuration list for PBXNativeTarget "ASL_translator" */ = {
			isa = XCConfigurationList;
			buildConfigurations = (
				8983E6E82A4A068A002EB335 /* Debug */,
				8983E6E92A4A068A002EB335 /* Release */,
			);
			defaultConfigurationIsVisible = 0;
			defaultConfigurationName = Release;
		};
/* End XCConfigurationList section */
	};
	rootObject = 8983E6D12A4A0689002EB335 /* Project object */;
}
